
Microsoft Visual Studio Solution File, Format Version 12.00
Project("{FAE04EC0-301F-11D3-BF4B-00C04F79EFBC}") = "SlothfulCrud", "SlothfulCrud\SlothfulCrud.csproj", "{9F8D23A7-02D7-4B1D-9705-D9BA679728D3}"
EndProject
Global
	GlobalSection(SolutionConfigurationPlatforms) = preSolution
		Debug|Any CPU = Debug|Any CPU
		Release|Any CPU = Release|Any CPU
	EndGlobalSection
	GlobalSection(ProjectConfigurationPlatforms) = postSolution
		{9F8D23A7-02D7-4B1D-9705-D9BA679728D3}.Debug|Any CPU.ActiveCfg = Debug|Any CPU
		{9F8D23A7-02D7-4B1D-9705-D9BA679728D3}.Debug|Any CPU.Build.0 = Debug|Any CPU
		{9F8D23A7-02D7-4B1D-9705-D9BA679728D3}.Release|Any CPU.ActiveCfg = Release|Any CPU
		{9F8D23A7-02D7-4B1D-9705-D9BA679728D3}.Release|Any CPU.Build.0 = Release|Any CPU
	EndGlobalSection
EndGlobal
