
Microsoft Visual Studio Solution File, Format Version 12.00
Project("{FAE04EC0-301F-11D3-BF4B-00C04F79EFBC}") = "SlothfulCrud", "SlothfulCrud\SlothfulCrud.csproj", "{9F8D23A7-02D7-4B1D-9705-D9BA679728D3}"
EndProject
Project("{2150E333-8FDC-42A3-9474-1A3956D46DE8}") = "Tests", "Tests", "{53EDFB92-65C6-4E90-8B52-D3747A2B78F5}"
EndProject
Project("{FAE04EC0-301F-11D3-BF4B-00C04F79EFBC}") = "SlothfulCrud.Tests.Api", "Tests\SlothfulCrud.Tests.Api\SlothfulCrud.Tests.Api.csproj", "{9507BFAE-91A6-45D4-AACE-CA8959D65517}"
EndProject
Global
	GlobalSection(SolutionConfigurationPlatforms) = preSolution
		Debug|Any CPU = Debug|Any CPU
		Release|Any CPU = Release|Any CPU
	EndGlobalSection
	GlobalSection(ProjectConfigurationPlatforms) = postSolution
		{9F8D23A7-02D7-4B1D-9705-D9BA679728D3}.Debug|Any CPU.ActiveCfg = Debug|Any CPU
		{9F8D23A7-02D7-4B1D-9705-D9BA679728D3}.Debug|Any CPU.Build.0 = Debug|Any CPU
		{9F8D23A7-02D7-4B1D-9705-D9BA679728D3}.Release|Any CPU.ActiveCfg = Release|Any CPU
		{9F8D23A7-02D7-4B1D-9705-D9BA679728D3}.Release|Any CPU.Build.0 = Release|Any CPU
		{9507BFAE-91A6-45D4-AACE-CA8959D65517}.Debug|Any CPU.ActiveCfg = Debug|Any CPU
		{9507BFAE-91A6-45D4-AACE-CA8959D65517}.Debug|Any CPU.Build.0 = Debug|Any CPU
		{9507BFAE-91A6-45D4-AACE-CA8959D65517}.Release|Any CPU.ActiveCfg = Release|Any CPU
		{9507BFAE-91A6-45D4-AACE-CA8959D65517}.Release|Any CPU.Build.0 = Release|Any CPU
	EndGlobalSection
	GlobalSection(NestedProjects) = preSolution
		{9507BFAE-91A6-45D4-AACE-CA8959D65517} = {53EDFB92-65C6-4E90-8B52-D3747A2B78F5}
	EndGlobalSection
EndGlobal
