
Microsoft Visual Studio Solution File, Format Version 12.00
Project("{FAE04EC0-301F-11D3-BF4B-00C04F79EFBC}") = "SlothfulCrud.Api", "SlothfulCrud.Api\SlothfulCrud.Api.csproj", "{86BEB192-D61C-48B2-8E75-93CA5C86A6E8}"
EndProject
Global
	GlobalSection(SolutionConfigurationPlatforms) = preSolution
		Debug|Any CPU = Debug|Any CPU
		Release|Any CPU = Release|Any CPU
	EndGlobalSection
	GlobalSection(ProjectConfigurationPlatforms) = postSolution
		{86BEB192-D61C-48B2-8E75-93CA5C86A6E8}.Debug|Any CPU.ActiveCfg = Debug|Any CPU
		{86BEB192-D61C-48B2-8E75-93CA5C86A6E8}.Debug|Any CPU.Build.0 = Debug|Any CPU
		{86BEB192-D61C-48B2-8E75-93CA5C86A6E8}.Release|Any CPU.ActiveCfg = Release|Any CPU
		{86BEB192-D61C-48B2-8E75-93CA5C86A6E8}.Release|Any CPU.Build.0 = Release|Any CPU
	EndGlobalSection
EndGlobal
